
Microsoft Visual Studio Solution File, Format Version 12.00
# Visual Studio Version 16
VisualStudioVersion = 16.0.31729.503
MinimumVisualStudioVersion = 10.0.40219.1
Project("{FAE04EC0-301F-11D3-BF4B-00C04F79EFBC}") = "App_ParcialAnalisis", "App_ParcialAnalisis.csproj", "{767595DB-01F1-4CDD-9471-D942FFD7102E}"
EndProject
Global
	GlobalSection(SolutionConfigurationPlatforms) = preSolution
		Debug|Any CPU = Debug|Any CPU
		Release|Any CPU = Release|Any CPU
	EndGlobalSection
	GlobalSection(ProjectConfigurationPlatforms) = postSolution
		{767595DB-01F1-4CDD-9471-D942FFD7102E}.Debug|Any CPU.ActiveCfg = Debug|Any CPU
		{767595DB-01F1-4CDD-9471-D942FFD7102E}.Debug|Any CPU.Build.0 = Debug|Any CPU
		{767595DB-01F1-4CDD-9471-D942FFD7102E}.Release|Any CPU.ActiveCfg = Release|Any CPU
		{767595DB-01F1-4CDD-9471-D942FFD7102E}.Release|Any CPU.Build.0 = Release|Any CPU
	EndGlobalSection
	GlobalSection(SolutionProperties) = preSolution
		HideSolutionNode = FALSE
	EndGlobalSection
	GlobalSection(ExtensibilityGlobals) = postSolution
		SolutionGuid = {E0DA8658-B716-423C-AF72-5DF7C96A39AF}
	EndGlobalSection
EndGlobal
